
Microsoft Visual Studio Solution File, Format Version 12.00
# Visual Studio Version 17
VisualStudioVersion = 17.4.33110.190
MinimumVisualStudioVersion = 10.0.40219.1
Project("{9A19103F-16F7-4668-BE54-9A1E7A4F7556}") = "Cleaner_Renamer_Arhiver", "Cleaner_task1\Cleaner_Renamer_Arhiver.csproj", "{78C3C072-154D-4ECE-859F-91606ACD936F}"
EndProject
Project("{9A19103F-16F7-4668-BE54-9A1E7A4F7556}") = "FileCombine", "FIleCombine\FileCombine.csproj", "{1E1F87BC-8DE3-4BB5-9A80-A25E5882F2F2}"
EndProject
Project("{9A19103F-16F7-4668-BE54-9A1E7A4F7556}") = "TestApp", "TestApp\TestApp.csproj", "{38AD1FCB-AB3F-43FF-90BE-EF6330801362}"
EndProject
Global
	GlobalSection(SolutionConfigurationPlatforms) = preSolution
		Debug|Any CPU = Debug|Any CPU
		Release|Any CPU = Release|Any CPU
	EndGlobalSection
	GlobalSection(ProjectConfigurationPlatforms) = postSolution
		{78C3C072-154D-4ECE-859F-91606ACD936F}.Debug|Any CPU.ActiveCfg = Debug|Any CPU
		{78C3C072-154D-4ECE-859F-91606ACD936F}.Debug|Any CPU.Build.0 = Debug|Any CPU
		{78C3C072-154D-4ECE-859F-91606ACD936F}.Release|Any CPU.ActiveCfg = Release|Any CPU
		{78C3C072-154D-4ECE-859F-91606ACD936F}.Release|Any CPU.Build.0 = Release|Any CPU
		{1E1F87BC-8DE3-4BB5-9A80-A25E5882F2F2}.Debug|Any CPU.ActiveCfg = Debug|Any CPU
		{1E1F87BC-8DE3-4BB5-9A80-A25E5882F2F2}.Debug|Any CPU.Build.0 = Debug|Any CPU
		{1E1F87BC-8DE3-4BB5-9A80-A25E5882F2F2}.Release|Any CPU.ActiveCfg = Release|Any CPU
		{1E1F87BC-8DE3-4BB5-9A80-A25E5882F2F2}.Release|Any CPU.Build.0 = Release|Any CPU
		{38AD1FCB-AB3F-43FF-90BE-EF6330801362}.Debug|Any CPU.ActiveCfg = Debug|Any CPU
		{38AD1FCB-AB3F-43FF-90BE-EF6330801362}.Debug|Any CPU.Build.0 = Debug|Any CPU
		{38AD1FCB-AB3F-43FF-90BE-EF6330801362}.Release|Any CPU.ActiveCfg = Release|Any CPU
		{38AD1FCB-AB3F-43FF-90BE-EF6330801362}.Release|Any CPU.Build.0 = Release|Any CPU
	EndGlobalSection
	GlobalSection(SolutionProperties) = preSolution
		HideSolutionNode = FALSE
	EndGlobalSection
	GlobalSection(ExtensibilityGlobals) = postSolution
		SolutionGuid = {C1735DD7-4C5C-455C-B54A-0E64EA8A2584}
	EndGlobalSection
EndGlobal
